
Microsoft Visual Studio Solution File, Format Version 12.00
# Visual Studio Version 17
VisualStudioVersion = 17.0.32112.339
MinimumVisualStudioVersion = 10.0.40219.1
Project("{2150E333-8FDC-42A3-9474-1A3956D46DE8}") = "Services", "Services", "{60FB5AD4-DFB9-4FA6-83C9-7866603C09D7}"
EndProject
Project("{2150E333-8FDC-42A3-9474-1A3956D46DE8}") = "0 - Solution Items", "0 - Solution Items", "{E3F02DF6-DBEA-48E4-8511-6CAF755E3206}"
	ProjectSection(SolutionItems) = preProject
		.gitignore = .gitignore
		README.md = README.md
	EndProjectSection
EndProject
Project("{FAE04EC0-301F-11D3-BF4B-00C04F79EFBC}") = "LoggerService.Services", "LoggerService.Services\LoggerService.Services.csproj", "{49D8A8D9-C591-46BB-ACD5-A82823479780}"
EndProject
Project("{FAE04EC0-301F-11D3-BF4B-00C04F79EFBC}") = "LoggerService.Services.Interfaces", "LoggerService.Services.Interfaces\LoggerService.Services.Interfaces.csproj", "{24EC6C66-41E1-41E9-9026-7DA28DA44200}"
EndProject
Global
	GlobalSection(SolutionConfigurationPlatforms) = preSolution
		Debug|Any CPU = Debug|Any CPU
		Release|Any CPU = Release|Any CPU
	EndGlobalSection
	GlobalSection(ProjectConfigurationPlatforms) = postSolution
		{49D8A8D9-C591-46BB-ACD5-A82823479780}.Debug|Any CPU.ActiveCfg = Debug|Any CPU
		{49D8A8D9-C591-46BB-ACD5-A82823479780}.Debug|Any CPU.Build.0 = Debug|Any CPU
		{49D8A8D9-C591-46BB-ACD5-A82823479780}.Release|Any CPU.ActiveCfg = Release|Any CPU
		{49D8A8D9-C591-46BB-ACD5-A82823479780}.Release|Any CPU.Build.0 = Release|Any CPU
		{24EC6C66-41E1-41E9-9026-7DA28DA44200}.Debug|Any CPU.ActiveCfg = Debug|Any CPU
		{24EC6C66-41E1-41E9-9026-7DA28DA44200}.Debug|Any CPU.Build.0 = Debug|Any CPU
		{24EC6C66-41E1-41E9-9026-7DA28DA44200}.Release|Any CPU.ActiveCfg = Release|Any CPU
		{24EC6C66-41E1-41E9-9026-7DA28DA44200}.Release|Any CPU.Build.0 = Release|Any CPU
	EndGlobalSection
	GlobalSection(SolutionProperties) = preSolution
		HideSolutionNode = FALSE
	EndGlobalSection
	GlobalSection(NestedProjects) = preSolution
		{49D8A8D9-C591-46BB-ACD5-A82823479780} = {60FB5AD4-DFB9-4FA6-83C9-7866603C09D7}
		{24EC6C66-41E1-41E9-9026-7DA28DA44200} = {60FB5AD4-DFB9-4FA6-83C9-7866603C09D7}
	EndGlobalSection
	GlobalSection(ExtensibilityGlobals) = postSolution
		SolutionGuid = {A4DB509B-F523-45FC-8C5D-3889569B7880}
	EndGlobalSection
EndGlobal
